
Microsoft Visual Studio Solution File, Format Version 12.00
# Visual Studio Version 16
VisualStudioVersion = 16.0.30523.141
MinimumVisualStudioVersion = 10.0.40219.1
Project("{FAE04EC0-301F-11D3-BF4B-00C04F79EFBC}") = "App0", "App0\App0.csproj", "{072C5A77-F8B9-44BF-9755-DCC3982E60AE}"
EndProject
Global
	GlobalSection(SolutionConfigurationPlatforms) = preSolution
		Debug|Any CPU = Debug|Any CPU
		Release|Any CPU = Release|Any CPU
	EndGlobalSection
	GlobalSection(ProjectConfigurationPlatforms) = postSolution
		{072C5A77-F8B9-44BF-9755-DCC3982E60AE}.Debug|Any CPU.ActiveCfg = Debug|Any CPU
		{072C5A77-F8B9-44BF-9755-DCC3982E60AE}.Debug|Any CPU.Build.0 = Debug|Any CPU
		{072C5A77-F8B9-44BF-9755-DCC3982E60AE}.Release|Any CPU.ActiveCfg = Release|Any CPU
		{072C5A77-F8B9-44BF-9755-DCC3982E60AE}.Release|Any CPU.Build.0 = Release|Any CPU
	EndGlobalSection
	GlobalSection(SolutionProperties) = preSolution
		HideSolutionNode = FALSE
	EndGlobalSection
	GlobalSection(ExtensibilityGlobals) = postSolution
		SolutionGuid = {E6103FB0-263C-4179-9B36-F5CE4998A46D}
	EndGlobalSection
EndGlobal
