
Microsoft Visual Studio Solution File, Format Version 12.00
# Visual Studio Version 16
VisualStudioVersion = 16.0.30523.141
MinimumVisualStudioVersion = 10.0.40219.1
Project("{FAE04EC0-301F-11D3-BF4B-00C04F79EFBC}") = "App", "App\App.csproj", "{6591DA21-A93E-4077-B117-3AC83C62595C}"
EndProject
Global
	GlobalSection(SolutionConfigurationPlatforms) = preSolution
		Debug|Any CPU = Debug|Any CPU
		Release|Any CPU = Release|Any CPU
	EndGlobalSection
	GlobalSection(ProjectConfigurationPlatforms) = postSolution
		{6591DA21-A93E-4077-B117-3AC83C62595C}.Debug|Any CPU.ActiveCfg = Debug|Any CPU
		{6591DA21-A93E-4077-B117-3AC83C62595C}.Debug|Any CPU.Build.0 = Debug|Any CPU
		{6591DA21-A93E-4077-B117-3AC83C62595C}.Release|Any CPU.ActiveCfg = Release|Any CPU
		{6591DA21-A93E-4077-B117-3AC83C62595C}.Release|Any CPU.Build.0 = Release|Any CPU
	EndGlobalSection
	GlobalSection(SolutionProperties) = preSolution
		HideSolutionNode = FALSE
	EndGlobalSection
	GlobalSection(ExtensibilityGlobals) = postSolution
		SolutionGuid = {DA645D8F-FEB8-4905-9929-A5FA7D1FB907}
	EndGlobalSection
EndGlobal
